{
  "name": "client",
  "lockfileVersion": 3,
  "requires": true,
  "packages": {
    "": {
      "dependencies": {
        "@sentry/react": "^10.24.0"
      }
    },
    "node_modules/@sentry-internal/browser-utils": {
      "version": "10.24.0",
      "resolved": "https://registry.npmjs.org/@sentry-internal/browser-utils/-/browser-utils-10.24.0.tgz",
      "integrity": "sha512-2nLj5TgPc/KkGy7LCW9sBGJT0CT+9U+Vlqa8yl7APd5agzxrpRyTcm4hPBBOw5tw7D4NWWUMulFxtZKZzT/Rcw==",
      "license": "MIT",
      "dependencies": {
        "@sentry/core": "10.24.0"
      },
      "engines": {
        "node": ">=18"
      }
    },
    "node_modules/@sentry-internal/feedback": {
      "version": "10.24.0",
      "resolved": "https://registry.npmjs.org/@sentry-internal/feedback/-/feedback-10.24.0.tgz",
      "integrity": "sha512-leYFQfgax50sYTEgkcEzPP8lTvtE12nryJSsdtPNym6gmQgA2SN20oSRNlxo1AitNpwNnTkj+ow/Y9ytrJlXUQ==",
      "license": "MIT",
      "dependencies": {
        "@sentry/core": "10.24.0"
      },
      "engines": {
        "node": ">=18"
      }
    },
    "node_modules/@sentry-internal/replay": {
      "version": "10.24.0",
      "resolved": "https://registry.npmjs.org/@sentry-internal/replay/-/replay-10.24.0.tgz",
      "integrity": "sha512-xqSw3sCu5yxDQFpo/42t1zzxe+6kn542DRwHNBqIBd0CWN7un/j5YIW1Sq/+TdHYGbeG8LzD5UOuvZsT4zF2nQ==",
      "license": "MIT",
      "dependencies": {
        "@sentry-internal/browser-utils": "10.24.0",
        "@sentry/core": "10.24.0"
      },
      "engines": {
        "node": ">=18"
      }
    },
    "node_modules/@sentry-internal/replay-canvas": {
      "version": "10.24.0",
      "resolved": "https://registry.npmjs.org/@sentry-internal/replay-canvas/-/replay-canvas-10.24.0.tgz",
      "integrity": "sha512-pjNZ+/L/ct0huutkTQrcR+V/v3ICf5wKE8OOB2Dt3DcjNsbLKtUsy9Um6bCbSz/fRI8K/ZFlVLjiIQkMW+WX0Q==",
      "license": "MIT",
      "dependencies": {
        "@sentry-internal/replay": "10.24.0",
        "@sentry/core": "10.24.0"
      },
      "engines": {
        "node": ">=18"
      }
    },
    "node_modules/@sentry/browser": {
      "version": "10.24.0",
      "resolved": "https://registry.npmjs.org/@sentry/browser/-/browser-10.24.0.tgz",
      "integrity": "sha512-kKSNYupPIIk02+4OVR13qpJ8/uzsf6SrCzgxr6EvdK8qEuGYLJyM6lLJze/C5BZTSsam6UGAfahrSI1K5il8oQ==",
      "license": "MIT",
      "dependencies": {
        "@sentry-internal/browser-utils": "10.24.0",
        "@sentry-internal/feedback": "10.24.0",
        "@sentry-internal/replay": "10.24.0",
        "@sentry-internal/replay-canvas": "10.24.0",
        "@sentry/core": "10.24.0"
      },
      "engines": {
        "node": ">=18"
      }
    },
    "node_modules/@sentry/core": {
      "version": "10.24.0",
      "resolved": "https://registry.npmjs.org/@sentry/core/-/core-10.24.0.tgz",
      "integrity": "sha512-apJ1NtCK/Kt5uTytee+4rhhcTm4u3+z0bESH8GNMXMcuJ/A3Rvy3HUh+gqCx4BTOR0Sa44dbMvJcm/ewO+mzVg==",
      "license": "MIT",
      "engines": {
        "node": ">=18"
      }
    },
    "node_modules/@sentry/react": {
      "version": "10.24.0",
      "resolved": "https://registry.npmjs.org/@sentry/react/-/react-10.24.0.tgz",
      "integrity": "sha512-HW83v7LC5E06H/cYtU4fnlOV5fykNl5QkrOoZzKrYfAUCh4T11gjd4RvlvI+WaXb6nhD+gW2YLu95iIRHid/TA==",
      "license": "MIT",
      "dependencies": {
        "@sentry/browser": "10.24.0",
        "@sentry/core": "10.24.0",
        "hoist-non-react-statics": "^3.3.2"
      },
      "engines": {
        "node": ">=18"
      },
      "peerDependencies": {
        "react": "^16.14.0 || 17.x || 18.x || 19.x"
      }
    },
    "node_modules/hoist-non-react-statics": {
      "version": "3.3.2",
      "resolved": "https://registry.npmjs.org/hoist-non-react-statics/-/hoist-non-react-statics-3.3.2.tgz",
      "integrity": "sha512-/gGivxi8JPKWNm/W0jSmzcMPpfpPLc3dY/6GxhX2hQ9iGj3aDfklV4ET7NjKpSinLpJ5vafa9iiGIEZg10SfBw==",
      "license": "BSD-3-Clause",
      "dependencies": {
        "react-is": "^16.7.0"
      }
    },
    "node_modules/react": {
      "version": "19.2.0",
      "resolved": "https://registry.npmjs.org/react/-/react-19.2.0.tgz",
      "integrity": "sha512-tmbWg6W31tQLeB5cdIBOicJDJRR2KzXsV7uSK9iNfLWQ5bIZfxuPEHp7M8wiHyHnn0DD1i7w3Zmin0FtkrwoCQ==",
      "license": "MIT",
      "peer": true,
      "engines": {
        "node": ">=0.10.0"
      }
    },
    "node_modules/react-is": {
      "version": "16.13.1",
      "resolved": "https://registry.npmjs.org/react-is/-/react-is-16.13.1.tgz",
      "integrity": "sha512-24e6ynE2H+OKt4kqsOvNd8kBpV65zoxbA4BVsEOB3ARVWQki/DHzaUoC5KuON/BiccDaCCTZBuOcfZs70kR8bQ==",
      "license": "MIT"
    }
  }
}
